dependencies:
- name: redis
  repository: oci://registry-1.docker.io/bitnamicharts
  version: 21.2.0
- name: mongodb
  repository: oci://registry-1.docker.io/bitnamicharts
  version: 16.5.1
digest: sha256:94a9ea5b0397ffd707d4451638990879794c543c80ae8e0ce9fe01864971ff9e
generated: "2025-06-07T01:44:52.429317837Z"
