dependencies:
- name: redis
  repository: oci://registry-1.docker.io/bitnamicharts
  version: 20.13.4
- name: mongodb
  repository: oci://registry-1.docker.io/bitnamicharts
  version: 16.5.6
digest: sha256:a259bfa7cd8503d7a3ff3d19b1496668add1481b26e735366303a02e8630dc33
generated: "2025-05-10T16:18:33.360344367Z"
