dependencies:
- name: redis
  repository: oci://registry-1.docker.io/bitnamicharts
  version: 20.1.7
- name: mongodb
  repository: oci://registry-1.docker.io/bitnamicharts
  version: 16.4.5
digest: sha256:230468d827dc89a7e2e04090576386aee49a40d8c1cd1811a696d7ebd3bca8ef
generated: "2025-02-22T02:47:04.961041103Z"
